
Microsoft Visual Studio Solution File, Format Version 11.00
# Visual Studio 2010
Project("{8BC9CEB8-8B4A-11D0-8D11-00A0C91BC942}") = "cbrTypesTest", "cbrTypesTest.vcxproj", "{266330FA-212E-3D1D-9D79-31CD79BBF5CA}"
	ProjectSection(ProjectDependencies) = postProject
		{795BFE14-8A75-3758-B907-64801555849E} = {795BFE14-8A75-3758-B907-64801555849E}
	EndProjectSection
EndProject
Project("{8BC9CEB8-8B4A-11D0-8D11-00A0C91BC942}") = "cbrTypes", "..\cbrTypes.vcxproj", "{795BFE14-8A75-3758-B907-64801555849E}"
EndProject
Global
	GlobalSection(SolutionConfigurationPlatforms) = preSolution
		Debug|Win32 = Debug|Win32
		Release|Win32 = Release|Win32
	EndGlobalSection
	GlobalSection(ProjectConfigurationPlatforms) = postSolution
		{266330FA-212E-3D1D-9D79-31CD79BBF5CA}.Debug|Win32.ActiveCfg = Debug|Win32
		{266330FA-212E-3D1D-9D79-31CD79BBF5CA}.Debug|Win32.Build.0 = Debug|Win32
		{266330FA-212E-3D1D-9D79-31CD79BBF5CA}.Release|Win32.ActiveCfg = Release|Win32
		{266330FA-212E-3D1D-9D79-31CD79BBF5CA}.Release|Win32.Build.0 = Release|Win32
		{795BFE14-8A75-3758-B907-64801555849E}.Debug|Win32.ActiveCfg = Debug|Win32
		{795BFE14-8A75-3758-B907-64801555849E}.Debug|Win32.Build.0 = Debug|Win32
		{795BFE14-8A75-3758-B907-64801555849E}.Release|Win32.ActiveCfg = Release|Win32
		{795BFE14-8A75-3758-B907-64801555849E}.Release|Win32.Build.0 = Release|Win32
	EndGlobalSection
	GlobalSection(SolutionProperties) = preSolution
		HideSolutionNode = FALSE
	EndGlobalSection
EndGlobal
